
Microsoft Visual Studio Solution File, Format Version 12.00
# Visual Studio Version 16
VisualStudioVersion = 16.0.32428.217
MinimumVisualStudioVersion = 10.0.40219.1
Project("{FAE04EC0-301F-11D3-BF4B-00C04F79EFBC}") = "TechElevator.DataAccessObjects", "TechElevator.DataAccessObjects.Lecture\TechElevator.DataAccessObjects.csproj", "{D03065E0-6F49-4A10-8597-9038D479BA8B}"
EndProject
Global
	GlobalSection(SolutionConfigurationPlatforms) = preSolution
		Debug|Any CPU = Debug|Any CPU
		Release|Any CPU = Release|Any CPU
	EndGlobalSection
	GlobalSection(ProjectConfigurationPlatforms) = postSolution
		{D03065E0-6F49-4A10-8597-9038D479BA8B}.Debug|Any CPU.ActiveCfg = Debug|Any CPU
		{D03065E0-6F49-4A10-8597-9038D479BA8B}.Debug|Any CPU.Build.0 = Debug|Any CPU
		{D03065E0-6F49-4A10-8597-9038D479BA8B}.Release|Any CPU.ActiveCfg = Release|Any CPU
		{D03065E0-6F49-4A10-8597-9038D479BA8B}.Release|Any CPU.Build.0 = Release|Any CPU
	EndGlobalSection
	GlobalSection(SolutionProperties) = preSolution
		HideSolutionNode = FALSE
	EndGlobalSection
	GlobalSection(ExtensibilityGlobals) = postSolution
		SolutionGuid = {DD53B668-85A5-4586-880C-89C5691A94C9}
	EndGlobalSection
EndGlobal
